
Microsoft Visual Studio Solution File, Format Version 12.00
# Visual Studio Version 17
VisualStudioVersion = 17.5.33516.290
MinimumVisualStudioVersion = 10.0.40219.1
Project("{8BC9CEB8-8B4A-11D0-8D11-00A0C91BC942}") = "BlockChain", "BlockChain\BlockChain.vcxproj", "{503FC46F-595C-4566-A8C2-1E70EE82751F}"
EndProject
Global
	GlobalSection(SolutionConfigurationPlatforms) = preSolution
		Debug|x64 = Debug|x64
		Debug|x86 = Debug|x86
		Release|x64 = Release|x64
		Release|x86 = Release|x86
	EndGlobalSection
	GlobalSection(ProjectConfigurationPlatforms) = postSolution
		{503FC46F-595C-4566-A8C2-1E70EE82751F}.Debug|x64.ActiveCfg = Debug|x64
		{503FC46F-595C-4566-A8C2-1E70EE82751F}.Debug|x64.Build.0 = Debug|x64
		{503FC46F-595C-4566-A8C2-1E70EE82751F}.Debug|x86.ActiveCfg = Debug|Win32
		{503FC46F-595C-4566-A8C2-1E70EE82751F}.Debug|x86.Build.0 = Debug|Win32
		{503FC46F-595C-4566-A8C2-1E70EE82751F}.Release|x64.ActiveCfg = Release|x64
		{503FC46F-595C-4566-A8C2-1E70EE82751F}.Release|x64.Build.0 = Release|x64
		{503FC46F-595C-4566-A8C2-1E70EE82751F}.Release|x86.ActiveCfg = Release|Win32
		{503FC46F-595C-4566-A8C2-1E70EE82751F}.Release|x86.Build.0 = Release|Win32
	EndGlobalSection
	GlobalSection(SolutionProperties) = preSolution
		HideSolutionNode = FALSE
	EndGlobalSection
	GlobalSection(ExtensibilityGlobals) = postSolution
		SolutionGuid = {6D44E6EC-E2F8-4EE4-86E9-D65FEB1C09E1}
	EndGlobalSection
EndGlobal
